// !$*UTF8*$!
{
	archiveVersion = 1;
	classes = {
	};
	objectVersion = 46;
	objects = {

/* Begin PBXBuildFile section */
		FFB3A3681EC804EC0089F223 /* AppDelegate.swift in Sources */ = {isa = PBXBuildFile; fileRef = FFB3A3671EC804EC0089F223 /* AppDelegate.swift */; };
		FFB3A36A1EC804EC0089F223 /* ViewController.swift in Sources */ = {isa = PBXBuildFile; fileRef = FFB3A3691EC804EC0089F223 /* ViewController.swift */; };
		FFB3A36D1EC804EC0089F223 /* Main.storyboard in Resources */ = {isa = PBXBuildFile; fileRef = FFB3A36B1EC804EC0089F223 /* Main.storyboard */; };
		FFB3A36F1EC804EC0089F223 /* Assets.xcassets in Resources */ = {isa = PBXBuildFile; fileRef = FFB3A36E1EC804EC0089F223 /* Assets.xcassets */; };
		FFB3A3721EC804EC0089F223 /* LaunchScreen.storyboard in Resources */ = {isa = PBXBuildFile; fileRef = FFB3A3701EC804EC0089F223 /* LaunchScreen.storyboard */; };
		FFB3A37D1EC804ED0089F223 /* CountTests.swift in Sources */ = {isa = PBXBuildFile; fileRef = FFB3A37C1EC804ED0089F223 /* CountTests.swift */; };
		FFB3A3881EC804ED0089F223 /* CountUITests.swift in Sources */ = {isa = PBXBuildFile; fileRef = FFB3A3871EC804ED0089F223 /* CountUITests.swift */; };
		FFB3A3961EC805D60089F223 /* haikei.png in Resources */ = {isa = PBXBuildFile; fileRef = FFB3A3951EC805D60089F223 /* haikei.png */; };
/* End PBXBuildFile section */

/* Begin PBXContainerItemProxy section */
		FFB3A3791EC804EC0089F223 /* PBXContainerItemProxy */ = {
			isa = PBXContainerItemProxy;
			containerPortal = FFB3A35C1EC804EC0089F223 /* Project object */;
			proxyType = 1;
			remoteGlobalIDString = FFB3A3631EC804EC0089F223;
			remoteInfo = Count;
		};
		FFB3A3841EC804ED0089F223 /* PBXContainerItemProxy */ = {
			isa = PBXContainerItemProxy;
			containerPortal = FFB3A35C1EC804EC0089F223 /* Project object */;
			proxyType = 1;
			remoteGlobalIDString = FFB3A3631EC804EC0089F223;
			remoteInfo = Count;
		};
/* End PBXContainerItemProxy section */

/* Begin PBXFileReference section */
		FFB3A3641EC804EC0089F223 /* Count.app */ = {isa = PBXFileReference; explicitFileType = wrapper.application; includeInIndex = 0; path = Count.app; sourceTree = BUILT_PRODUCTS_DIR; };
		FFB3A3671EC804EC0089F223 /* AppDelegate.swift */ = {isa = PBXFileReference; lastKnownFileType = sourcecode.swift; path = AppDelegate.swift; sourceTree = "<group>"; };
		FFB3A3691EC804EC0089F223 /* ViewController.swift */ = {isa = PBXFileReference; lastKnownFileType = sourcecode.swift; path = ViewController.swift; sourceTree = "<group>"; };
		FFB3A36C1EC804EC0089F223 /* Base */ = {isa = PBXFileReference; lastKnownFileType = file.storyboard; name = Base; path = Base.lproj/Main.storyboard; sourceTree = "<group>"; };
		FFB3A36E1EC804EC0089F223 /* Assets.xcassets */ = {isa = PBXFileReference; lastKnownFileType = folder.assetcatalog; path = Assets.xcassets; sourceTree = "<group>"; };
		FFB3A3711EC804EC0089F223 /* Base */ = {isa = PBXFileReference; lastKnownFileType = file.storyboard; name = Base; path = Base.lproj/LaunchScreen.storyboard; sourceTree = "<group>"; };
		FFB3A3731EC804EC0089F223 /* Info.plist */ = {isa = PBXFileReference; lastKnownFileType = text.plist.xml; path = Info.plist; sourceTree = "<group>"; };
		FFB3A3781EC804EC0089F223 /* CountTests.xctest */ = {isa = PBXFileReference; explicitFileType = wrapper.cfbundle; includeInIndex = 0; path = CountTests.xctest; sourceTree = BUILT_PRODUCTS_DIR; };
		FFB3A37C1EC804ED0089F223 /* CountTests.swift */ = {isa = PBXFileReference; lastKnownFileType = sourcecode.swift; path = CountTests.swift; sourceTree = "<group>"; };
		FFB3A37E1EC804ED0089F223 /* Info.plist */ = {isa = PBXFileReference; lastKnownFileType = text.plist.xml; path = Info.plist; sourceTree = "<group>"; };
		FFB3A3831EC804ED0089F223 /* CountUITests.xctest */ = {isa = PBXFileReference; explicitFileType = wrapper.cfbundle; includeInIndex = 0; path = CountUITests.xctest; sourceTree = BUILT_PRODUCTS_DIR; };
		FFB3A3871EC804ED0089F223 /* CountUITests.swift */ = {isa = PBXFileReference; lastKnownFileType = sourcecode.swift; path = CountUITests.swift; sourceTree = "<group>"; };
		FFB3A3891EC804ED0089F223 /* Info.plist */ = {isa = PBXFileReference; lastKnownFileType = text.plist.xml; path = Info.plist; sourceTree = "<group>"; };
		FFB3A3951EC805D60089F223 /* haikei.png */ = {isa = PBXFileReference; lastKnownFileType = image.png; name = haikei.png; path = ../../../../Desktop/haikei.png; sourceTree = "<group>"; };
/* End PBXFileReference section */

/* Begin PBXFrameworksBuildPhase section */
		FFB3A3611EC804EC0089F223 /* Frameworks */ = {
			isa = PBXFrameworksBuildPhase;
			buildActionMask = 2147483647;
			files = (
			);
			runOnlyForDeploymentPostprocessing = 0;
		};
		FFB3A3751EC804EC0089F223 /* Frameworks */ = {
			isa = PBXFrameworksBuildPhase;
			buildActionMask = 2147483647;
			files = (
			);
			runOnlyForDeploymentPostprocessing = 0;
		};
		FFB3A3801EC804ED0089F223 /* Frameworks */ = {
			isa = PBXFrameworksBuildPhase;
			buildActionMask = 2147483647;
			files = (
			);
			runOnlyForDeploymentPostprocessing = 0;
		};
/* End PBXFrameworksBuildPhase section */

/* Begin PBXGroup section */
		FFB3A35B1EC804EC0089F223 = {
			isa = PBXGroup;
			children = (
				FFB3A3661EC804EC0089F223 /* Count */,
				FFB3A37B1EC804ED0089F223 /* CountTests */,
				FFB3A3861EC804ED0089F223 /* CountUITests */,
				FFB3A3651EC804EC0089F223 /* Products */,
			);
			sourceTree = "<group>";
		};
		FFB3A3651EC804EC0089F223 /* Products */ = {
			isa = PBXGroup;
			children = (
				FFB3A3641EC804EC0089F223 /* Count.app */,
				FFB3A3781EC804EC0089F223 /* CountTests.xctest */,
				FFB3A3831EC804ED0089F223 /* CountUITests.xctest */,
			);
			name = Products;
			sourceTree = "<group>";
		};
		FFB3A3661EC804EC0089F223 /* Count */ = {
			isa = PBXGroup;
			children = (
				FFB3A3951EC805D60089F223 /* haikei.png */,
				FFB3A3671EC804EC0089F223 /* AppDelegate.swift */,
				FFB3A3691EC804EC0089F223 /* ViewController.swift */,
				FFB3A36B1EC804EC0089F223 /* Main.storyboard */,
				FFB3A36E1EC804EC0089F223 /* Assets.xcassets */,
				FFB3A3701EC804EC0089F223 /* LaunchScreen.storyboard */,
				FFB3A3731EC804EC0089F223 /* Info.plist */,
			);
			path = Count;
			sourceTree = "<group>";
		};
		FFB3A37B1EC804ED0089F223 /* CountTests */ = {
			isa = PBXGroup;
			children = (
				FFB3A37C1EC804ED0089F223 /* CountTests.swift */,
				FFB3A37E1EC804ED0089F223 /* Info.plist */,
			);
			path = CountTests;
			sourceTree = "<group>";
		};
		FFB3A3861EC804ED0089F223 /* CountUITests */ = {
			isa = PBXGroup;
			children = (
				FFB3A3871EC804ED0089F223 /* CountUITests.swift */,
				FFB3A3891EC804ED0089F223 /* Info.plist */,
			);
			path = CountUITests;
			sourceTree = "<group>";
		};
/* End PBXGroup section */

/* Begin PBXNativeTarget section */
		FFB3A3631EC804EC0089F223 /* Count */ = {
			isa = PBXNativeTarget;
			buildConfigurationList = FFB3A38C1EC804ED0089F223 /* Build configuration list for PBXNativeTarget "Count" */;
			buildPhases = (
				FFB3A3601EC804EC0089F223 /* Sources */,
				FFB3A3611EC804EC0089F223 /* Frameworks */,
				FFB3A3621EC804EC0089F223 /* Resources */,
			);
			buildRules = (
			);
			dependencies = (
			);
			name = Count;
			productName = Count;
			productReference = FFB3A3641EC804EC0089F223 /* Count.app */;
			productType = "com.apple.product-type.application";
		};
		FFB3A3771EC804EC0089F223 /* CountTests */ = {
			isa = PBXNativeTarget;
			buildConfigurationList = FFB3A38F1EC804ED0089F223 /* Build configuration list for PBXNativeTarget "CountTests" */;
			buildPhases = (
				FFB3A3741EC804EC0089F223 /* Sources */,
				FFB3A3751EC804EC0089F223 /* Frameworks */,
				FFB3A3761EC804EC0089F223 /* Resources */,
			);
			buildRules = (
			);
			dependencies = (
				FFB3A37A1EC804EC0089F223 /* PBXTargetDependency */,
			);
			name = CountTests;
			productName = CountTests;
			productReference = FFB3A3781EC804EC0089F223 /* CountTests.xctest */;
			productType = "com.apple.product-type.bundle.unit-test";
		};
		FFB3A3821EC804ED0089F223 /* CountUITests */ = {
			isa = PBXNativeTarget;
			buildConfigurationList = FFB3A3921EC804ED0089F223 /* Build configuration list for PBXNativeTarget "CountUITests" */;
			buildPhases = (
				FFB3A37F1EC804ED0089F223 /* Sources */,
				FFB3A3801EC804ED0089F223 /* Frameworks */,
				FFB3A3811EC804ED0089F223 /* Resources */,
			);
			buildRules = (
			);
			dependencies = (
				FFB3A3851EC804ED0089F223 /* PBXTargetDependency */,
			);
			name = CountUITests;
			productName = CountUITests;
			productReference = FFB3A3831EC804ED0089F223 /* CountUITests.xctest */;
			productType = "com.apple.product-type.bundle.ui-testing";
		};
/* End PBXNativeTarget section */

/* Begin PBXProject section */
		FFB3A35C1EC804EC0089F223 /* Project object */ = {
			isa = PBXProject;
			attributes = {
				LastSwiftUpdateCheck = 0830;
				LastUpgradeCheck = 0830;
				ORGANIZATIONNAME = "田邊範子";
				TargetAttributes = {
					FFB3A3631EC804EC0089F223 = {
						CreatedOnToolsVersion = 8.3.2;
						ProvisioningStyle = Automatic;
					};
					FFB3A3771EC804EC0089F223 = {
						CreatedOnToolsVersion = 8.3.2;
						ProvisioningStyle = Automatic;
						TestTargetID = FFB3A3631EC804EC0089F223;
					};
					FFB3A3821EC804ED0089F223 = {
						CreatedOnToolsVersion = 8.3.2;
						ProvisioningStyle = Automatic;
						TestTargetID = FFB3A3631EC804EC0089F223;
					};
				};
			};
			buildConfigurationList = FFB3A35F1EC804EC0089F223 /* Build configuration list for PBXProject "Count" */;
			compatibilityVersion = "Xcode 3.2";
			developmentRegion = English;
			hasScannedForEncodings = 0;
			knownRegions = (
				en,
				Base,
			);
			mainGroup = FFB3A35B1EC804EC0089F223;
			productRefGroup = FFB3A3651EC804EC0089F223 /* Products */;
			projectDirPath = "";
			projectRoot = "";
			targets = (
				FFB3A3631EC804EC0089F223 /* Count */,
				FFB3A3771EC804EC0089F223 /* CountTests */,
				FFB3A3821EC804ED0089F223 /* CountUITests */,
			);
		};
/* End PBXProject section */

/* Begin PBXResourcesBuildPhase section */
		FFB3A3621EC804EC0089F223 /* Resources */ = {
			isa = PBXResourcesBuildPhase;
			buildActionMask = 2147483647;
			files = (
				FFB3A3961EC805D60089F223 /* haikei.png in Resources */,
				FFB3A3721EC804EC0089F223 /* LaunchScreen.storyboard in Resources */,
				FFB3A36F1EC804EC0089F223 /* Assets.xcassets in Resources */,
				FFB3A36D1EC804EC0089F223 /* Main.storyboard in Resources */,
			);
			runOnlyForDeploymentPostprocessing = 0;
		};
		FFB3A3761EC804EC0089F223 /* Resources */ = {
			isa = PBXResourcesBuildPhase;
			buildActionMask = 2147483647;
			files = (
			);
			runOnlyForDeploymentPostprocessing = 0;
		};
		FFB3A3811EC804ED0089F223 /* Resources */ = {
			isa = PBXResourcesBuildPhase;
			buildActionMask = 2147483647;
			files = (
			);
			runOnlyForDeploymentPostprocessing = 0;
		};
/* End PBXResourcesBuildPhase section */

/* Begin PBXSourcesBuildPhase section */
		FFB3A3601EC804EC0089F223 /* Sources */ = {
			isa = PBXSourcesBuildPhase;
			buildActionMask = 2147483647;
			files = (
				FFB3A36A1EC804EC0089F223 /* ViewController.swift in Sources */,
				FFB3A3681EC804EC0089F223 /* AppDelegate.swift in Sources */,
			);
			runOnlyForDeploymentPostprocessing = 0;
		};
		FFB3A3741EC804EC0089F223 /* Sources */ = {
			isa = PBXSourcesBuildPhase;
			buildActionMask = 2147483647;
			files = (
				FFB3A37D1EC804ED0089F223 /* CountTests.swift in Sources */,
			);
			runOnlyForDeploymentPostprocessing = 0;
		};
		FFB3A37F1EC804ED0089F223 /* Sources */ = {
			isa = PBXSourcesBuildPhase;
			buildActionMask = 2147483647;
			files = (
				FFB3A3881EC804ED0089F223 /* CountUITests.swift in Sources */,
			);
			runOnlyForDeploymentPostprocessing = 0;
		};
/* End PBXSourcesBuildPhase section */

/* Begin PBXTargetDependency section */
		FFB3A37A1EC804EC0089F223 /* PBXTargetDependency */ = {
			isa = PBXTargetDependency;
			target = FFB3A3631EC804EC0089F223 /* Count */;
			targetProxy = FFB3A3791EC804EC0089F223 /* PBXContainerItemProxy */;
		};
		FFB3A3851EC804ED0089F223 /* PBXTargetDependency */ = {
			isa = PBXTargetDependency;
			target = FFB3A3631EC804EC0089F223 /* Count */;
			targetProxy = FFB3A3841EC804ED0089F223 /* PBXContainerItemProxy */;
		};
/* End PBXTargetDependency section */

/* Begin PBXVariantGroup section */
		FFB3A36B1EC804EC0089F223 /* Main.storyboard */ = {
			isa = PBXVariantGroup;
			children = (
				FFB3A36C1EC804EC0089F223 /* Base */,
			);
			name = Main.storyboard;
			sourceTree = "<group>";
		};
		FFB3A3701EC804EC0089F223 /* LaunchScreen.storyboard */ = {
			isa = PBXVariantGroup;
			children = (
				FFB3A3711EC804EC0089F223 /* Base */,
			);
			name = LaunchScreen.storyboard;
			sourceTree = "<group>";
		};
/* End PBXVariantGroup section */

/* Begin XCBuildConfiguration section */
		FFB3A38A1EC804ED0089F223 /* Debug */ = {
			isa = XCBuildConfiguration;
			buildSettings = {
				ALWAYS_SEARCH_USER_PATHS = NO;
				CLANG_ANALYZER_NONNULL = YES;
				CLANG_ANALYZER_NUMBER_OBJECT_CONVERSION = YES_AGGRESSIVE;
				CLANG_CXX_LANGUAGE_STANDARD = "gnu++0x";
				CLANG_CXX_LIBRARY = "libc++";
				CLANG_ENABLE_MODULES = YES;
				CLANG_ENABLE_OBJC_ARC = YES;
				CLANG_WARN_BOOL_CONVERSION = YES;
				CLANG_WARN_CONSTANT_CONVERSION = YES;
				CLANG_WARN_DIRECT_OBJC_ISA_USAGE = YES_ERROR;
				CLANG_WARN_DOCUMENTATION_COMMENTS = YES;
				CLANG_WARN_EMPTY_BODY = YES;
				CLANG_WARN_ENUM_CONVERSION = YES;
				CLANG_WARN_INFINITE_RECURSION = YES;
				CLANG_WARN_INT_CONVERSION = YES;
				CLANG_WARN_OBJC_ROOT_CLASS = YES_ERROR;
				CLANG_WARN_SUSPICIOUS_MOVE = YES;
				CLANG_WARN_UNREACHABLE_CODE = YES;
				CLANG_WARN__DUPLICATE_METHOD_MATCH = YES;
				"CODE_SIGN_IDENTITY[sdk=iphoneos*]" = "iPhone Developer";
				COPY_PHASE_STRIP = NO;
				DEBUG_INFORMATION_FORMAT = dwarf;
				ENABLE_STRICT_OBJC_MSGSEND = YES;
				ENABLE_TESTABILITY = YES;
				GCC_C_LANGUAGE_STANDARD = gnu99;
				GCC_DYNAMIC_NO_PIC = NO;
				GCC_NO_COMMON_BLOCKS = YES;
				GCC_OPTIMIZATION_LEVEL = 0;
				GCC_PREPROCESSOR_DEFINITIONS = (
					"DEBUG=1",
					"$(inherited)",
				);
				GCC_WARN_64_TO_32_BIT_CONVERSION = YES;
				GCC_WARN_ABOUT_RETURN_TYPE = YES_ERROR;
				GCC_WARN_UNDECLARED_SELECTOR = YES;
				GCC_WARN_UNINITIALIZED_AUTOS = YES_AGGRESSIVE;
				GCC_WARN_UNUSED_FUNCTION = YES;
				GCC_WARN_UNUSED_VARIABLE = YES;
				IPHONEOS_DEPLOYMENT_TARGET = 10.3;
				MTL_ENABLE_DEBUG_INFO = YES;
				ONLY_ACTIVE_ARCH = YES;
				SDKROOT = iphoneos;
				SWIFT_ACTIVE_COMPILATION_CONDITIONS = DEBUG;
				SWIFT_OPTIMIZATION_LEVEL = "-Onone";
			};
			name = Debug;
		};
		FFB3A38B1EC804ED0089F223 /* Release */ = {
			isa = XCBuildConfiguration;
			buildSettings = {
				ALWAYS_SEARCH_USER_PATHS = NO;
				CLANG_ANALYZER_NONNULL = YES;
				CLANG_ANALYZER_NUMBER_OBJECT_CONVERSION = YES_AGGRESSIVE;
				CLANG_CXX_LANGUAGE_STANDARD = "gnu++0x";
				CLANG_CXX_LIBRARY = "libc++";
				CLANG_ENABLE_MODULES = YES;
				CLANG_ENABLE_OBJC_ARC = YES;
				CLANG_WARN_BOOL_CONVERSION = YES;
				CLANG_WARN_CONSTANT_CONVERSION = YES;
				CLANG_WARN_DIRECT_OBJC_ISA_USAGE = YES_ERROR;
				CLANG_WARN_DOCUMENTATION_COMMENTS = YES;
				CLANG_WARN_EMPTY_BODY = YES;
				CLANG_WARN_ENUM_CONVERSION = YES;
				CLANG_WARN_INFINITE_RECURSION = YES;
				CLANG_WARN_INT_CONVERSION = YES;
				CLANG_WARN_OBJC_ROOT_CLASS = YES_ERROR;
				CLANG_WARN_SUSPICIOUS_MOVE = YES;
				CLANG_WARN_UNREACHABLE_CODE = YES;
				CLANG_WARN__DUPLICATE_METHOD_MATCH = YES;
				"CODE_SIGN_IDENTITY[sdk=iphoneos*]" = "iPhone Developer";
				COPY_PHASE_STRIP = NO;
				DEBUG_INFORMATION_FORMAT = "dwarf-with-dsym";
				ENABLE_NS_ASSERTIONS = NO;
				ENABLE_STRICT_OBJC_MSGSEND = YES;
				GCC_C_LANGUAGE_STANDARD = gnu99;
				GCC_NO_COMMON_BLOCKS = YES;
				GCC_WARN_64_TO_32_BIT_CONVERSION = YES;
				GCC_WARN_ABOUT_RETURN_TYPE = YES_ERROR;
				GCC_WARN_UNDECLARED_SELECTOR = YES;
				GCC_WARN_UNINITIALIZED_AUTOS = YES_AGGRESSIVE;
				GCC_WARN_UNUSED_FUNCTION = YES;
				GCC_WARN_UNUSED_VARIABLE = YES;
				IPHONEOS_DEPLOYMENT_TARGET = 10.3;
				MTL_ENABLE_DEBUG_INFO = NO;
				SDKROOT = iphoneos;
				SWIFT_OPTIMIZATION_LEVEL = "-Owholemodule";
				VALIDATE_PRODUCT = YES;
			};
			name = Release;
		};
		FFB3A38D1EC804ED0089F223 /* Debug */ = {
			isa = XCBuildConfiguration;
			buildSettings = {
				ASSETCATALOG_COMPILER_APPICON_NAME = AppIcon;
				INFOPLIST_FILE = Count/Info.plist;
				LD_RUNPATH_SEARCH_PATHS = "$(inherited) @executable_path/Frameworks";
				PRODUCT_BUNDLE_IDENTIFIER = com.MoekaTanabe.Count;
				PRODUCT_NAME = "$(TARGET_NAME)";
				SWIFT_VERSION = 3.0;
			};
			name = Debug;
		};
		FFB3A38E1EC804ED0089F223 /* Release */ = {
			isa = XCBuildConfiguration;
			buildSettings = {
				ASSETCATALOG_COMPILER_APPICON_NAME = AppIcon;
				INFOPLIST_FILE = Count/Info.plist;
				LD_RUNPATH_SEARCH_PATHS = "$(inherited) @executable_path/Frameworks";
				PRODUCT_BUNDLE_IDENTIFIER = com.MoekaTanabe.Count;
				PRODUCT_NAME = "$(TARGET_NAME)";
				SWIFT_VERSION = 3.0;
			};
			name = Release;
		};
		FFB3A3901EC804ED0089F223 /* Debug */ = {
			isa = XCBuildConfiguration;
			buildSettings = {
				ALWAYS_EMBED_SWIFT_STANDARD_LIBRARIES = YES;
				BUNDLE_LOADER = "$(TEST_HOST)";
				INFOPLIST_FILE = CountTests/Info.plist;
				LD_RUNPATH_SEARCH_PATHS = "$(inherited) @executable_path/Frameworks @loader_path/Frameworks";
				PRODUCT_BUNDLE_IDENTIFIER = com.MoekaTanabe.CountTests;
				PRODUCT_NAME = "$(TARGET_NAME)";
				SWIFT_VERSION = 3.0;
				TEST_HOST = "$(BUILT_PRODUCTS_DIR)/Count.app/Count";
			};
			name = Debug;
		};
		FFB3A3911EC804ED0089F223 /* Release */ = {
			isa = XCBuildConfiguration;
			buildSettings = {
				ALWAYS_EMBED_SWIFT_STANDARD_LIBRARIES = YES;
				BUNDLE_LOADER = "$(TEST_HOST)";
				INFOPLIST_FILE = CountTests/Info.plist;
				LD_RUNPATH_SEARCH_PATHS = "$(inherited) @executable_path/Frameworks @loader_path/Frameworks";
				PRODUCT_BUNDLE_IDENTIFIER = com.MoekaTanabe.CountTests;
				PRODUCT_NAME = "$(TARGET_NAME)";
				SWIFT_VERSION = 3.0;
				TEST_HOST = "$(BUILT_PRODUCTS_DIR)/Count.app/Count";
			};
			name = Release;
		};
		FFB3A3931EC804ED0089F223 /* Debug */ = {
			isa = XCBuildConfiguration;
			buildSettings = {
				ALWAYS_EMBED_SWIFT_STANDARD_LIBRARIES = YES;
				INFOPLIST_FILE = CountUITests/Info.plist;
				LD_RUNPATH_SEARCH_PATHS = "$(inherited) @executable_path/Frameworks @loader_path/Frameworks";
				PRODUCT_BUNDLE_IDENTIFIER = com.MoekaTanabe.CountUITests;
				PRODUCT_NAME = "$(TARGET_NAME)";
				SWIFT_VERSION = 3.0;
				TEST_TARGET_NAME = Count;
			};
			name = Debug;
		};
		FFB3A3941EC804ED0089F223 /* Release */ = {
			isa = XCBuildConfiguration;
			buildSettings = {
				ALWAYS_EMBED_SWIFT_STANDARD_LIBRARIES = YES;
				INFOPLIST_FILE = CountUITests/Info.plist;
				LD_RUNPATH_SEARCH_PATHS = "$(inherited) @executable_path/Frameworks @loader_path/Frameworks";
				PRODUCT_BUNDLE_IDENTIFIER = com.MoekaTanabe.CountUITests;
				PRODUCT_NAME = "$(TARGET_NAME)";
				SWIFT_VERSION = 3.0;
				TEST_TARGET_NAME = Count;
			};
			name = Release;
		};
/* End XCBuildConfiguration section */

/* Begin XCConfigurationList section */
		FFB3A35F1EC804EC0089F223 /* Build configuration list for PBXProject "Count" */ = {
			isa = XCConfigurationList;
			buildConfigurations = (
				FFB3A38A1EC804ED0089F223 /* Debug */,
				FFB3A38B1EC804ED0089F223 /* Release */,
			);
			defaultConfigurationIsVisible = 0;
			defaultConfigurationName = Release;
		};
		FFB3A38C1EC804ED0089F223 /* Build configuration list for PBXNativeTarget "Count" */ = {
			isa = XCConfigurationList;
			buildConfigurations = (
				FFB3A38D1EC804ED0089F223 /* Debug */,
				FFB3A38E1EC804ED0089F223 /* Release */,
			);
			defaultConfigurationIsVisible = 0;
		};
		FFB3A38F1EC804ED0089F223 /* Build configuration list for PBXNativeTarget "CountTests" */ = {
			isa = XCConfigurationList;
			buildConfigurations = (
				FFB3A3901EC804ED0089F223 /* Debug */,
				FFB3A3911EC804ED0089F223 /* Release */,
			);
			defaultConfigurationIsVisible = 0;
		};
		FFB3A3921EC804ED0089F223 /* Build configuration list for PBXNativeTarget "CountUITests" */ = {
			isa = XCConfigurationList;
			buildConfigurations = (
				FFB3A3931EC804ED0089F223 /* Debug */,
				FFB3A3941EC804ED0089F223 /* Release */,
			);
			defaultConfigurationIsVisible = 0;
		};
/* End XCConfigurationList section */
	};
	rootObject = FFB3A35C1EC804EC0089F223 /* Project object */;
}
